
Microsoft Visual Studio Solution File, Format Version 12.00
# Visual Studio Version 16
VisualStudioVersion = 16.0.31515.178
MinimumVisualStudioVersion = 10.0.40219.1
Project("{9A19103F-16F7-4668-BE54-9A1E7A4F7556}") = "Business", "Business\Business.csproj", "{57C45093-AEB5-4905-8AB3-9A0481594245}"
	ProjectSection(ProjectDependencies) = postProject
		{8B11A4C6-05FE-492D-B0CA-6C0BF5AADF62} = {8B11A4C6-05FE-492D-B0CA-6C0BF5AADF62}
		{A110F9D6-70B7-49DA-9A61-4B034D525E0D} = {A110F9D6-70B7-49DA-9A61-4B034D525E0D}
	EndProjectSection
EndProject
Project("{9A19103F-16F7-4668-BE54-9A1E7A4F7556}") = "DataAccess", "DataAccess\DataAccess.csproj", "{A110F9D6-70B7-49DA-9A61-4B034D525E0D}"
	ProjectSection(ProjectDependencies) = postProject
		{8B11A4C6-05FE-492D-B0CA-6C0BF5AADF62} = {8B11A4C6-05FE-492D-B0CA-6C0BF5AADF62}
	EndProjectSection
EndProject
Project("{9A19103F-16F7-4668-BE54-9A1E7A4F7556}") = "Entities", "Entities\Entities.csproj", "{8B11A4C6-05FE-492D-B0CA-6C0BF5AADF62}"
EndProject
Project("{9A19103F-16F7-4668-BE54-9A1E7A4F7556}") = "ConsoleUI", "ConsoleUI\ConsoleUI.csproj", "{95A2A24B-07C1-4018-9B6F-80D4BAD91908}"
	ProjectSection(ProjectDependencies) = postProject
		{5455448A-67FA-4CCE-AE27-3E251B652371} = {5455448A-67FA-4CCE-AE27-3E251B652371}
		{57C45093-AEB5-4905-8AB3-9A0481594245} = {57C45093-AEB5-4905-8AB3-9A0481594245}
		{8B11A4C6-05FE-492D-B0CA-6C0BF5AADF62} = {8B11A4C6-05FE-492D-B0CA-6C0BF5AADF62}
		{A110F9D6-70B7-49DA-9A61-4B034D525E0D} = {A110F9D6-70B7-49DA-9A61-4B034D525E0D}
	EndProjectSection
EndProject
Project("{9A19103F-16F7-4668-BE54-9A1E7A4F7556}") = "Core", "Core\Core.csproj", "{5455448A-67FA-4CCE-AE27-3E251B652371}"
EndProject
Project("{FAE04EC0-301F-11D3-BF4B-00C04F79EFBC}") = "WebAPI", "WebAPI\WebAPI.csproj", "{D2B692C0-72F4-44A0-AF70-1C6115D5B08F}"
	ProjectSection(ProjectDependencies) = postProject
		{5455448A-67FA-4CCE-AE27-3E251B652371} = {5455448A-67FA-4CCE-AE27-3E251B652371}
		{57C45093-AEB5-4905-8AB3-9A0481594245} = {57C45093-AEB5-4905-8AB3-9A0481594245}
		{8B11A4C6-05FE-492D-B0CA-6C0BF5AADF62} = {8B11A4C6-05FE-492D-B0CA-6C0BF5AADF62}
		{A110F9D6-70B7-49DA-9A61-4B034D525E0D} = {A110F9D6-70B7-49DA-9A61-4B034D525E0D}
	EndProjectSection
EndProject
Global
	GlobalSection(SolutionConfigurationPlatforms) = preSolution
		Debug|Any CPU = Debug|Any CPU
		Release|Any CPU = Release|Any CPU
	EndGlobalSection
	GlobalSection(ProjectConfigurationPlatforms) = postSolution
		{57C45093-AEB5-4905-8AB3-9A0481594245}.Debug|Any CPU.ActiveCfg = Debug|Any CPU
		{57C45093-AEB5-4905-8AB3-9A0481594245}.Debug|Any CPU.Build.0 = Debug|Any CPU
		{57C45093-AEB5-4905-8AB3-9A0481594245}.Release|Any CPU.ActiveCfg = Release|Any CPU
		{57C45093-AEB5-4905-8AB3-9A0481594245}.Release|Any CPU.Build.0 = Release|Any CPU
		{A110F9D6-70B7-49DA-9A61-4B034D525E0D}.Debug|Any CPU.ActiveCfg = Debug|Any CPU
		{A110F9D6-70B7-49DA-9A61-4B034D525E0D}.Debug|Any CPU.Build.0 = Debug|Any CPU
		{A110F9D6-70B7-49DA-9A61-4B034D525E0D}.Release|Any CPU.ActiveCfg = Release|Any CPU
		{A110F9D6-70B7-49DA-9A61-4B034D525E0D}.Release|Any CPU.Build.0 = Release|Any CPU
		{8B11A4C6-05FE-492D-B0CA-6C0BF5AADF62}.Debug|Any CPU.ActiveCfg = Debug|Any CPU
		{8B11A4C6-05FE-492D-B0CA-6C0BF5AADF62}.Debug|Any CPU.Build.0 = Debug|Any CPU
		{8B11A4C6-05FE-492D-B0CA-6C0BF5AADF62}.Release|Any CPU.ActiveCfg = Release|Any CPU
		{8B11A4C6-05FE-492D-B0CA-6C0BF5AADF62}.Release|Any CPU.Build.0 = Release|Any CPU
		{95A2A24B-07C1-4018-9B6F-80D4BAD91908}.Debug|Any CPU.ActiveCfg = Debug|Any CPU
		{95A2A24B-07C1-4018-9B6F-80D4BAD91908}.Debug|Any CPU.Build.0 = Debug|Any CPU
		{95A2A24B-07C1-4018-9B6F-80D4BAD91908}.Release|Any CPU.ActiveCfg = Release|Any CPU
		{95A2A24B-07C1-4018-9B6F-80D4BAD91908}.Release|Any CPU.Build.0 = Release|Any CPU
		{5455448A-67FA-4CCE-AE27-3E251B652371}.Debug|Any CPU.ActiveCfg = Debug|Any CPU
		{5455448A-67FA-4CCE-AE27-3E251B652371}.Debug|Any CPU.Build.0 = Debug|Any CPU
		{5455448A-67FA-4CCE-AE27-3E251B652371}.Release|Any CPU.ActiveCfg = Release|Any CPU
		{5455448A-67FA-4CCE-AE27-3E251B652371}.Release|Any CPU.Build.0 = Release|Any CPU
		{D2B692C0-72F4-44A0-AF70-1C6115D5B08F}.Debug|Any CPU.ActiveCfg = Debug|Any CPU
		{D2B692C0-72F4-44A0-AF70-1C6115D5B08F}.Debug|Any CPU.Build.0 = Debug|Any CPU
		{D2B692C0-72F4-44A0-AF70-1C6115D5B08F}.Release|Any CPU.ActiveCfg = Release|Any CPU
		{D2B692C0-72F4-44A0-AF70-1C6115D5B08F}.Release|Any CPU.Build.0 = Release|Any CPU
	EndGlobalSection
	GlobalSection(SolutionProperties) = preSolution
		HideSolutionNode = FALSE
	EndGlobalSection
	GlobalSection(ExtensibilityGlobals) = postSolution
		SolutionGuid = {C2337193-19FA-4050-A1DC-2D423164E307}
	EndGlobalSection
EndGlobal
